lockfileVersion: '9.0'

settings:
  autoInstallPeers: true
  excludeLinksFromLockfile: false

importers:

  .:
    dependencies:
      saas:
        specifier: ^1.0.0
        version: 1.0.0

packages:

  saas@1.0.0:
    resolution: {integrity: sha512-FgayhFS18BlPfcyMcOqxD7PIyNyUjqyv8R+rsr3X2KRK2icEUL4uvWBF+lZ0IPqJIO2kUO0d20OXY+R+pdriqg==}

snapshots:

  saas@1.0.0: {}
